
Microsoft Visual Studio Solution File, Format Version 12.00
# Visual Studio Version 16
VisualStudioVersion = 16.0.32126.315
MinimumVisualStudioVersion = 10.0.40219.1
Project("{FAE04EC0-301F-11D3-BF4B-00C04F79EFBC}") = "FptBook", "FptBook.csproj", "{369A2A52-2D0E-4931-9C7D-DFB9B4A2818D}"
EndProject
Global
	GlobalSection(SolutionConfigurationPlatforms) = preSolution
		Debug|Any CPU = Debug|Any CPU
		Release|Any CPU = Release|Any CPU
	EndGlobalSection
	GlobalSection(ProjectConfigurationPlatforms) = postSolution
		{369A2A52-2D0E-4931-9C7D-DFB9B4A2818D}.Debug|Any CPU.ActiveCfg = Debug|Any CPU
		{369A2A52-2D0E-4931-9C7D-DFB9B4A2818D}.Debug|Any CPU.Build.0 = Debug|Any CPU
		{369A2A52-2D0E-4931-9C7D-DFB9B4A2818D}.Release|Any CPU.ActiveCfg = Release|Any CPU
		{369A2A52-2D0E-4931-9C7D-DFB9B4A2818D}.Release|Any CPU.Build.0 = Release|Any CPU
	EndGlobalSection
	GlobalSection(SolutionProperties) = preSolution
		HideSolutionNode = FALSE
	EndGlobalSection
	GlobalSection(ExtensibilityGlobals) = postSolution
		SolutionGuid = {3453ED9B-4D7F-4EB8-A7B3-3388FF0D44A2}
	EndGlobalSection
EndGlobal
